{
  "name": "@jaisocx/template-renderer",
  "version": "1.6.1",
  "lockfileVersion": 3,
  "requires": true,
  "packages": {
    "": {
      "name": "@jaisocx/template-renderer",
      "version": "1.6.1",
      "optionalDependencies": {
        "@jaisocx/event-emitter": "^1.4.2",
        "@jaisocx/tokens-parser": "^1.2.2"
      }
    },
    "../EventEmitter": {
      "name": "@jaisocx/event-emitter",
      "version": "1.4.2",
      "license": "ISC",
      "optional": true
    },
    "../TokensParser": {
      "name": "@jaisocx/tokens-parser",
      "version": "1.2.2",
      "optional": true
    },
    "node_modules/@jaisocx/event-emitter": {
      "resolved": "../EventEmitter",
      "link": true
    },
    "node_modules/@jaisocx/tokens-parser": {
      "resolved": "../TokensParser",
      "link": true
    }
  }
}
