{
  "name": "@jaisocx/project-builder",
  "version": "1.2.1",
  "lockfileVersion": 3,
  "requires": true,
  "packages": {
    "": {
      "name": "@jaisocx/project-builder",
      "version": "1.2.1",
      "dependencies": {
        "@jaisocx/css-importer": "^1.2.8",
        "json5": "^2.2.3"
      },
      "devDependencies": {
        "@types/json5": "^0.0.30"
      }
    },
    "node_modules/@jaisocx/css-importer": {
      "version": "1.2.8",
      "resolved": "https://registry.npmjs.org/@jaisocx/css-importer/-/css-importer-1.2.8.tgz",
      "integrity": "sha512-Igq59NNMV9TjSLMFTnXH4kBrErAhGkn7E8m+xwRwZXLj09P2wO5axSV9waMdszTB+cpZMYkj4adMyACPDgyEOw==",
      "license": "nope"
    },
    "node_modules/@types/json5": {
      "version": "0.0.30",
      "resolved": "https://registry.npmjs.org/@types/json5/-/json5-0.0.30.tgz",
      "integrity": "sha512-sqm9g7mHlPY/43fcSNrCYfOeX9zkTTK+euO5E6+CVijSMm5tTjkVdwdqRkY3ljjIAf8679vps5jKUoJBCLsMDA==",
      "dev": true,
      "license": "MIT"
    },
    "node_modules/json5": {
      "version": "2.2.3",
      "resolved": "https://registry.npmjs.org/json5/-/json5-2.2.3.tgz",
      "integrity": "sha512-XmOWe7eyHYH14cLdVPoyg+GOH3rYX++KpzrylJwSW98t3Nk+U8XOl8FWKOgwtzdb8lXGf6zYwDUzeHMWfxasyg==",
      "license": "MIT",
      "bin": {
        "json5": "lib/cli.js"
      },
      "engines": {
        "node": ">=6"
      }
    }
  }
}
