{
  "name": "@jaisocx/css-importer",
  "version": "1.3.4",
  "lockfileVersion": 3,
  "requires": true,
  "packages": {
    "": {
      "name": "@jaisocx/css-importer",
      "version": "1.3.4",
      "optionalDependencies": {
        "@jaisocx/file-writer": "^1.2.4",
        "@jaisocx/tokens-parser": "^1.2.2"
      }
    },
    "../EventEmitter": {
      "name": "@jaisocx/event-emitter",
      "version": "1.4.2",
      "license": "ISC",
      "optional": true
    },
    "../FileWriter": {
      "name": "@jaisocx/file-writer",
      "version": "1.2.7",
      "optional": true,
      "optionalDependencies": {
        "@jaisocx/event-emitter": "^1.4.2"
      }
    },
    "../FileWriter/node_modules/@jaisocx/event-emitter": {
      "resolved": "../EventEmitter",
      "link": true
    },
    "../TokensParser": {
      "name": "@jaisocx/tokens-parser",
      "version": "1.2.2",
      "optional": true
    },
    "node_modules/@jaisocx/file-writer": {
      "resolved": "../FileWriter",
      "link": true
    },
    "node_modules/@jaisocx/tokens-parser": {
      "resolved": "../TokensParser",
      "link": true
    }
  }
}
