{
  "name": "@jaisocx/file-producer-by-template",
  "version": "1.2.2",
  "lockfileVersion": 3,
  "requires": true,
  "packages": {
    "": {
      "name": "@jaisocx/file-producer-by-template",
      "version": "1.2.2",
      "optionalDependencies": {
        "@jaisocx/file-writer": "~1.2.7",
        "@jaisocx/template-renderer": "~1.6.1"
      }
    },
    "node_modules/@jaisocx/event-emitter": {
      "version": "1.4.2",
      "resolved": "https://registry.npmjs.org/@jaisocx/event-emitter/-/event-emitter-1.4.2.tgz",
      "integrity": "sha512-Oz4E/T7yTm2UDpR1FAHPZxpeh/r6194dxQNbCP9y6yIIvrX+Vk9M7SSfHGz2qbDe7pjfebSIx0wqihYQD2rdqQ==",
      "license": "ISC",
      "optional": true
    },
    "node_modules/@jaisocx/file-writer": {
      "version": "1.2.7",
      "resolved": "https://registry.npmjs.org/@jaisocx/file-writer/-/file-writer-1.2.7.tgz",
      "integrity": "sha512-/ctwzRTeyGIxRypsS5FiIrtN2y4hV9PDC2qKngoKqfSJxqfWSBismXnZPkK+URmqUrTm1ZYtIEoCUR/YkCmQSg==",
      "optional": true,
      "optionalDependencies": {
        "@jaisocx/event-emitter": "^1.4.2"
      }
    },
    "node_modules/@jaisocx/template-renderer": {
      "version": "1.6.1",
      "resolved": "https://registry.npmjs.org/@jaisocx/template-renderer/-/template-renderer-1.6.1.tgz",
      "integrity": "sha512-GPPqAzDL260zRE61zagJknHQFeDIwKGEXgSZYVHB70uQHtzJVCVLpft6KEc/tAFCUH7JxkJ/96iwSGVstppPAg==",
      "optional": true,
      "optionalDependencies": {
        "@jaisocx/event-emitter": "^1.4.2",
        "@jaisocx/tokens-parser": "^1.2.2"
      }
    },
    "node_modules/@jaisocx/tokens-parser": {
      "version": "1.2.2",
      "resolved": "https://registry.npmjs.org/@jaisocx/tokens-parser/-/tokens-parser-1.2.2.tgz",
      "integrity": "sha512-uBgE4HqDdvTv910j0zzr8cW/HMumpqhrtQsa1S0ZO7+2NjS6rtUCTsDcIajrxWnKZiDD1dBCmsNsuHjGRiTE8Q==",
      "optional": true
    }
  }
}
