{
  "name": "@jaisocx/theme-turn-on",
  "version": "1.0.3",
  "lockfileVersion": 3,
  "requires": true,
  "packages": {
    "": {
      "name": "@jaisocx/theme-turn-on",
      "version": "1.0.3",
      "optionalDependencies": {
        "@jaisocx/css-clean-start-2": "~1.2.1",
        "@jaisocx/preloader": "~2.3.2"
      }
    },
    "node_modules/@jaisocx/css-clean-start-2": {
      "version": "1.2.1",
      "resolved": "https://registry.npmjs.org/@jaisocx/css-clean-start-2/-/css-clean-start-2-1.2.1.tgz",
      "integrity": "sha512-gY2rD8TqHnrTzzpd3jM23IT5rKi3bLbuueODd+3rxnY/sEgutslgT88hefVhrAl0aEvU80T5YrhTHgiR3DBWfw==",
      "optional": true,
      "optionalDependencies": {
        "@jaisocx/responsive-sizes": "~1.3.2"
      }
    },
    "node_modules/@jaisocx/css-clean-start-2/node_modules/@jaisocx/responsive-sizes": {
      "optional": true
    },
    "node_modules/@jaisocx/event-emitter": {
      "version": "1.4.2",
      "resolved": "https://registry.npmjs.org/@jaisocx/event-emitter/-/event-emitter-1.4.2.tgz",
      "integrity": "sha512-Oz4E/T7yTm2UDpR1FAHPZxpeh/r6194dxQNbCP9y6yIIvrX+Vk9M7SSfHGz2qbDe7pjfebSIx0wqihYQD2rdqQ==",
      "license": "ISC",
      "optional": true
    },
    "node_modules/@jaisocx/mime-type": {
      "version": "1.0.7",
      "resolved": "https://registry.npmjs.org/@jaisocx/mime-type/-/mime-type-1.0.7.tgz",
      "integrity": "sha512-ENbWyygeGduecldRLoe21e8iMtdqU1iqGe2lnTItu5n68zTlLkA7ofTR8rwmP/mhTsm5hrdAM7Lbv24jmkMO6A==",
      "optional": true
    },
    "node_modules/@jaisocx/preloader": {
      "version": "2.3.2",
      "resolved": "https://registry.npmjs.org/@jaisocx/preloader/-/preloader-2.3.2.tgz",
      "integrity": "sha512-bIOhm4cIz0S5dTejNH7kBnNqRllw+HAcrlzo0Btme3AIftKUzVRcUVfoVz8urnWNSKj6C7FhrJx0tEdhPsQx6w==",
      "optional": true,
      "optionalDependencies": {
        "@jaisocx/mime-type": "~1.0.7",
        "@jaisocx/template-renderer": "~1.6.1",
        "@jaisocx/text": "~2.2.2"
      }
    },
    "node_modules/@jaisocx/template-renderer": {
      "version": "1.6.1",
      "resolved": "https://registry.npmjs.org/@jaisocx/template-renderer/-/template-renderer-1.6.1.tgz",
      "integrity": "sha512-GPPqAzDL260zRE61zagJknHQFeDIwKGEXgSZYVHB70uQHtzJVCVLpft6KEc/tAFCUH7JxkJ/96iwSGVstppPAg==",
      "optional": true,
      "optionalDependencies": {
        "@jaisocx/event-emitter": "^1.4.2",
        "@jaisocx/tokens-parser": "^1.2.2"
      }
    },
    "node_modules/@jaisocx/text": {
      "version": "2.2.2",
      "resolved": "https://registry.npmjs.org/@jaisocx/text/-/text-2.2.2.tgz",
      "integrity": "sha512-Xqf7OuieBRli3JVmCf1lPEOpt60dnpBStMxnv7ea9NCOjOlA+/Kfyq8yReMQT0Eof7oZcZLo8+EPcN04l00XbA==",
      "optional": true
    },
    "node_modules/@jaisocx/tokens-parser": {
      "version": "1.2.2",
      "resolved": "https://registry.npmjs.org/@jaisocx/tokens-parser/-/tokens-parser-1.2.2.tgz",
      "integrity": "sha512-uBgE4HqDdvTv910j0zzr8cW/HMumpqhrtQsa1S0ZO7+2NjS6rtUCTsDcIajrxWnKZiDD1dBCmsNsuHjGRiTE8Q==",
      "optional": true
    }
  }
}
