{
  "name": "@jaisocx/css-table",
  "version": "2.0.1",
  "lockfileVersion": 3,
  "requires": true,
  "packages": {
    "": {
      "name": "@jaisocx/css-table",
      "version": "2.0.1",
      "optionalDependencies": {
        "@jaisocx/css-clean-start-2": "~1.0.1"
      }
    },
    "node_modules/@jaisocx/css-clean-start-2": {
      "version": "1.0.1",
      "resolved": "https://registry.npmjs.org/@jaisocx/css-clean-start-2/-/css-clean-start-2-1.0.1.tgz",
      "integrity": "sha512-fGyU+O41K7LIbML16XPoRPPz16x7e7TO/idVjmAou2Rxx0yihaVJan64OLAyOYRaEBjW+qGBBKsanfJKz9+lVA==",
      "optional": true,
      "optionalDependencies": {
        "@jaisocx/responsive-sizes": "~1.2.2"
      }
    },
    "node_modules/@jaisocx/responsive-sizes": {
      "version": "1.2.2",
      "resolved": "https://registry.npmjs.org/@jaisocx/responsive-sizes/-/responsive-sizes-1.2.2.tgz",
      "integrity": "sha512-oY/WCG6TKGiOcoO53AxdHROWU4zrA6C7R10k80H2O+nEPslHzu3MkAOQGgavvkA8TedV64w4qz9mfqkQiLv6kg==",
      "optional": true
    }
  }
}
