{
  "name": "@jaisocx/tree",
  "version": "1.4.3",
  "lockfileVersion": 3,
  "requires": true,
  "packages": {
    "": {
      "name": "@jaisocx/tree",
      "version": "1.4.3",
      "license": "ISC",
      "optionalDependencies": {
        "@jaisocx/event-emitter": "^1.4.x",
        "@jaisocx/template-renderer": "^1.4.x"
      }
    },
    "../../../../../../../../../../packages/Tree/node_modules/@jaisocx/event-emitter": {
      "version": "1.2.6",
      "resolved": "https://registry.npmjs.org/@jaisocx/event-emitter/-/event-emitter-1.2.6.tgz",
      "integrity": "sha512-b3YbUhtqJq3JhT70BxtWOmuYGVfT5Ob1FXYykkech69gfN58ZXG56XJzGEbHzMZhzOxLAphsS/3Cduj1aQwPLQ==",
      "extraneous": true
    },
    "../../../../../../../../../../packages/Tree/node_modules/@jaisocx/template-renderer": {
      "version": "1.2.6",
      "resolved": "https://registry.npmjs.org/@jaisocx/template-renderer/-/template-renderer-1.2.6.tgz",
      "integrity": "sha512-95e1s1vgZhT/3c2udRx2dV4TNnq54LO5ireS+LfHP17S2LaUhEa8zRSGXR885fkFN4BiWCSTgCZQztSg6B2OuQ==",
      "extraneous": true,
      "optionalDependencies": {
        "@jaisocx/event-emitter": "^1.2.x"
      }
    },
    "../../../../../../../../packages/Tree/node_modules/@jaisocx/event-emitter": {
      "version": "1.2.6",
      "resolved": "https://registry.npmjs.org/@jaisocx/event-emitter/-/event-emitter-1.2.6.tgz",
      "integrity": "sha512-b3YbUhtqJq3JhT70BxtWOmuYGVfT5Ob1FXYykkech69gfN58ZXG56XJzGEbHzMZhzOxLAphsS/3Cduj1aQwPLQ==",
      "extraneous": true
    },
    "../../../../../../../../packages/Tree/node_modules/@jaisocx/template-renderer": {
      "version": "1.2.6",
      "resolved": "https://registry.npmjs.org/@jaisocx/template-renderer/-/template-renderer-1.2.6.tgz",
      "integrity": "sha512-95e1s1vgZhT/3c2udRx2dV4TNnq54LO5ireS+LfHP17S2LaUhEa8zRSGXR885fkFN4BiWCSTgCZQztSg6B2OuQ==",
      "extraneous": true,
      "optionalDependencies": {
        "@jaisocx/event-emitter": "^1.2.x"
      }
    },
    "../../../../../packages/Tree/node_modules/@jaisocx/event-emitter": {
      "version": "1.2.6",
      "resolved": "https://registry.npmjs.org/@jaisocx/event-emitter/-/event-emitter-1.2.6.tgz",
      "integrity": "sha512-b3YbUhtqJq3JhT70BxtWOmuYGVfT5Ob1FXYykkech69gfN58ZXG56XJzGEbHzMZhzOxLAphsS/3Cduj1aQwPLQ==",
      "extraneous": true
    },
    "../../../../../packages/Tree/node_modules/@jaisocx/template-renderer": {
      "version": "1.2.6",
      "resolved": "https://registry.npmjs.org/@jaisocx/template-renderer/-/template-renderer-1.2.6.tgz",
      "integrity": "sha512-95e1s1vgZhT/3c2udRx2dV4TNnq54LO5ireS+LfHP17S2LaUhEa8zRSGXR885fkFN4BiWCSTgCZQztSg6B2OuQ==",
      "extraneous": true,
      "optionalDependencies": {
        "@jaisocx/event-emitter": "^1.2.x"
      }
    },
    "node_modules/@jaisocx/event-emitter": {
      "version": "1.4.1",
      "resolved": "https://registry.npmjs.org/@jaisocx/event-emitter/-/event-emitter-1.4.1.tgz",
      "integrity": "sha512-f/dPIKyMag346rNl54pUp0rIRnBeH+P8yT+Q2DHiBjSjT6t57YpjzCfiQWx19EqMLBgppBMakEpjEKTY/wQ7qg==",
      "optional": true
    }
  }
}
