{
  "name": "@jaisocx/example-template-renderer",
  "version": "1.2.5",
  "lockfileVersion": 3,
  "requires": true,
  "packages": {
    "": {
      "name": "@jaisocx/example-template-renderer",
      "version": "1.2.5",
      "optionalDependencies": {
        "@jaisocx/template-renderer": "^1.5.6"
      }
    },
    "../../packages/EventEmitter": {
      "name": "@jaisocx/event-emitter",
      "version": "1.4.1",
      "license": "ISC",
      "optional": true
    },
    "../../packages/TemplateRenderer": {
      "name": "@jaisocx/template-renderer",
      "version": "1.5.7",
      "optional": true,
      "optionalDependencies": {
        "@jaisocx/event-emitter": "^1.4.1",
        "@jaisocx/tokens-parser": "^1.2.1"
      }
    },
    "../../packages/TemplateRenderer/node_modules/@jaisocx/event-emitter": {
      "resolved": "../../packages/EventEmitter",
      "link": true
    },
    "../../packages/TemplateRenderer/node_modules/@jaisocx/tokens-parser": {
      "resolved": "../../packages/TokensParser",
      "link": true
    },
    "../../packages/TokensParser": {
      "name": "@jaisocx/tokens-parser",
      "version": "1.2.1",
      "optional": true
    },
    "node_modules/@jaisocx/template-renderer": {
      "resolved": "../../packages/TemplateRenderer",
      "link": true
    }
  }
}
