{
  "name": "@jaisocx/preloader",
  "version": "2.2.5",
  "lockfileVersion": 3,
  "requires": true,
  "packages": {
    "": {
      "name": "@jaisocx/preloader",
      "version": "2.2.5",
      "optionalDependencies": {
        "@jaisocx/mime-type": "~1.0.7",
        "@jaisocx/template-renderer": "~1.6.1",
        "@jaisocx/text": "~2.2.2"
      }
    },
    "../EventEmitter": {
      "name": "@jaisocx/event-emitter",
      "version": "1.4.2",
      "license": "ISC",
      "optional": true
    },
    "../MimeType": {
      "name": "@jaisocx/mime-type",
      "version": "1.0.7",
      "optional": true
    },
    "../TemplateRenderer": {
      "name": "@jaisocx/template-renderer",
      "version": "1.6.1",
      "optional": true,
      "optionalDependencies": {
        "@jaisocx/event-emitter": "^1.4.2",
        "@jaisocx/tokens-parser": "^1.2.2"
      }
    },
    "../TemplateRenderer/node_modules/@jaisocx/event-emitter": {
      "resolved": "../EventEmitter",
      "link": true
    },
    "../TemplateRenderer/node_modules/@jaisocx/tokens-parser": {
      "resolved": "../TokensParser",
      "link": true
    },
    "../Text": {
      "name": "@jaisocx/text",
      "version": "2.2.2",
      "optional": true
    },
    "../TokensParser": {
      "name": "@jaisocx/tokens-parser",
      "version": "1.2.2",
      "optional": true
    },
    "node_modules/@jaisocx/mime-type": {
      "resolved": "../MimeType",
      "link": true
    },
    "node_modules/@jaisocx/template-renderer": {
      "resolved": "../TemplateRenderer",
      "link": true
    },
    "node_modules/@jaisocx/text": {
      "resolved": "../Text",
      "link": true
    }
  }
}
