{
  "name": "@jaisocx/project-builder",
  "version": "1.3.3",
  "lockfileVersion": 3,
  "requires": true,
  "packages": {
    "": {
      "name": "@jaisocx/project-builder",
      "version": "1.3.3",
      "dependencies": {
        "@jaisocx/css-importer": "^1.4.1",
        "@jaisocx/eslint-plugins": "^1.3.2",
        "@jaisocx/file-writer": "^1.2.2",
        "json5": "^2.2.3"
      },
      "devDependencies": {
        "@types/json5": "^0.0.30"
      }
    },
    "../../www/packages/CssImporter": {
      "name": "@jaisocx/css-importer",
      "version": "1.4.1",
      "dependencies": {
        "@jaisocx/file-writer": "^1.2.7",
        "@jaisocx/tokens-parser": "^1.2.2"
      }
    },
    "../../www/packages/CssImporter/node_modules/@jaisocx/file-writer": {
      "resolved": "../../www/packages/FileWriter",
      "link": true
    },
    "../../www/packages/CssImporter/node_modules/@jaisocx/tokens-parser": {
      "resolved": "../../www/packages/TokensParser",
      "link": true
    },
    "../../www/packages/EventEmitter": {
      "name": "@jaisocx/event-emitter",
      "version": "1.4.2",
      "license": "ISC",
      "optional": true
    },
    "../../www/packages/FileWriter": {
      "name": "@jaisocx/file-writer",
      "version": "1.2.7",
      "optionalDependencies": {
        "@jaisocx/event-emitter": "^1.4.2"
      }
    },
    "../../www/packages/FileWriter/node_modules/@jaisocx/event-emitter": {
      "resolved": "../../www/packages/EventEmitter",
      "link": true
    },
    "../../www/packages/TokensParser": {
      "name": "@jaisocx/tokens-parser",
      "version": "1.2.2"
    },
    "node_modules/@jaisocx/css-importer": {
      "resolved": "../../www/packages/CssImporter",
      "link": true
    },
    "node_modules/@jaisocx/eslint-plugins": {
      "version": "1.3.2"
    },
    "node_modules/@jaisocx/event-emitter": {
      "version": "1.4.2",
      "license": "ISC",
      "optional": true
    },
    "node_modules/@jaisocx/file-writer": {
      "version": "1.2.7",
      "optionalDependencies": {
        "@jaisocx/event-emitter": "^1.4.2"
      }
    },
    "node_modules/@types/json5": {
      "version": "0.0.30",
      "dev": true,
      "license": "MIT"
    },
    "node_modules/json5": {
      "version": "2.2.3",
      "license": "MIT",
      "bin": {
        "json5": "lib/cli.js"
      },
      "engines": {
        "node": ">=6"
      }
    }
  }
}
