{
  "name": "@jaisocx/project-builder",
  "version": "1.3.1",
  "lockfileVersion": 3,
  "requires": true,
  "packages": {
    "": {
      "name": "@jaisocx/project-builder",
      "version": "1.3.1",
      "dependencies": {
        "@jaisocx/css-importer": "^1.3.2",
        "@jaisocx/eslint-plugins": "^1.3.1",
        "@jaisocx/file-writer": "^1.2.2",
        "json5": "^2.2.3"
      },
      "devDependencies": {
        "@types/json5": "^0.0.30"
      }
    },
    "node_modules/@jaisocx/css-importer": {
      "version": "1.3.2",
      "resolved": "https://registry.npmjs.org/@jaisocx/css-importer/-/css-importer-1.3.2.tgz",
      "integrity": "sha512-VUdAmMjA3nGuXFnioV5pz0ZGOiLwxrBq9dGb9fhB80Eka+euVoYoKC0S6bKgvVtWslPY7cDYA+2tlG+VkmWamw==",
      "optionalDependencies": {
        "@jaisocx/file-writer": "^1.2.9",
        "@jaisocx/tokens-parser": "^1.2.1"
      }
    },
    "node_modules/@jaisocx/eslint-plugins": {
      "version": "1.3.1"
    },
    "node_modules/@jaisocx/event-emitter": {
      "version": "1.4.1",
      "resolved": "https://registry.npmjs.org/@jaisocx/event-emitter/-/event-emitter-1.4.1.tgz",
      "integrity": "sha512-f/dPIKyMag346rNl54pUp0rIRnBeH+P8yT+Q2DHiBjSjT6t57YpjzCfiQWx19EqMLBgppBMakEpjEKTY/wQ7qg==",
      "license": "ISC",
      "optional": true
    },
    "node_modules/@jaisocx/file-writer": {
      "version": "1.2.2",
      "resolved": "https://registry.npmjs.org/@jaisocx/file-writer/-/file-writer-1.2.2.tgz",
      "integrity": "sha512-mp1utD/kFUOmaH3dayrCl0zrDIg5S9Z00PdD5eZj/gsbU+O+UkRiRzbXcXF7wZemVXP+2omMx7q0HkqSuie+DA==",
      "optionalDependencies": {
        "@jaisocx/event-emitter": "^1.4.1"
      }
    },
    "node_modules/@jaisocx/tokens-parser": {
      "version": "1.2.1",
      "resolved": "https://registry.npmjs.org/@jaisocx/tokens-parser/-/tokens-parser-1.2.1.tgz",
      "integrity": "sha512-9JkbGNMYeMqUgfXsyhUcg5ddEIv/6xMLHACTKSBKkxEp45IAZ+LMMynXjZiRkZywo9iA0eNr2qfayRgW+MqBug==",
      "optional": true
    },
    "node_modules/@types/json5": {
      "version": "0.0.30",
      "dev": true,
      "license": "MIT"
    },
    "node_modules/json5": {
      "version": "2.2.3",
      "license": "MIT",
      "bin": {
        "json5": "lib/cli.js"
      },
      "engines": {
        "node": ">=6"
      }
    }
  }
}
