{
  "name": "@jaisocx/example-template-renderer",
  "version": "1.2.5",
  "lockfileVersion": 3,
  "requires": true,
  "packages": {
    "": {
      "name": "@jaisocx/example-template-renderer",
      "version": "1.2.5",
      "optionalDependencies": {
        "@jaisocx/template-renderer": "^1.2.x"
      }
    },
    "node_modules/@jaisocx/event-emitter": {
      "version": "1.2.6",
      "resolved": "https://registry.npmjs.org/@jaisocx/event-emitter/-/event-emitter-1.2.6.tgz",
      "integrity": "sha512-b3YbUhtqJq3JhT70BxtWOmuYGVfT5Ob1FXYykkech69gfN58ZXG56XJzGEbHzMZhzOxLAphsS/3Cduj1aQwPLQ==",
      "optional": true
    },
    "node_modules/@jaisocx/template-renderer": {
      "version": "1.2.6",
      "resolved": "https://registry.npmjs.org/@jaisocx/template-renderer/-/template-renderer-1.2.6.tgz",
      "integrity": "sha512-95e1s1vgZhT/3c2udRx2dV4TNnq54LO5ireS+LfHP17S2LaUhEa8zRSGXR885fkFN4BiWCSTgCZQztSg6B2OuQ==",
      "optional": true,
      "optionalDependencies": {
        "@jaisocx/event-emitter": "^1.2.x"
      }
    }
  }
}
