{
  "name": "@jaisocx/css-clean-start-2",
  "version": "1.0.1",
  "lockfileVersion": 3,
  "requires": true,
  "packages": {
    "": {
      "name": "@jaisocx/css-clean-start-2",
      "version": "1.0.1",
      "optionalDependencies": {
        "@jaisocx/responsive-sizes": "~1.2.2"
      }
    },
    "../../../packages/ResponsiveSizes": {
      "name": "@jaisocx/responsive-sizes",
      "version": "1.2.2",
      "optional": true
    },
    "node_modules/@jaisocx/responsive-sizes": {
      "resolved": "../../../packages/ResponsiveSizes",
      "link": true
    }
  }
}
