{
  "name": "@jaisocx/your-package-name",
  "version": "1.0.0",
  "lockfileVersion": 3,
  "requires": true,
  "packages": {
    "": {
      "name": "@jaisocx/your-package-name",
      "version": "1.0.0",
      "dependencies": {
        "@jaisocx/css-clean-start": "~1.5.6"
      }
    },
    "node_modules/@jaisocx/css-clean-start": {
      "version": "1.5.6",
      "resolved": "https://registry.npmjs.org/@jaisocx/css-clean-start/-/css-clean-start-1.5.6.tgz",
      "integrity": "sha512-NPd4QVf/ZpFHSo0mkvd96eXjwlPenBJXB9twwsKqy93pxXaFUxL7xmk8XgZq8xb4xvxKjIgH1tmtHKkbYrIEAg==",
      "license": "ISC"
    }
  }
}
