{
  "name": "@jaisocx/css-table-ordered",
  "version": "2.1.1",
  "lockfileVersion": 3,
  "requires": true,
  "packages": {
    "": {
      "name": "@jaisocx/css-table-ordered",
      "version": "2.1.1",
      "optionalDependencies": {
        "@jaisocx/css-clean-start-2": "~1.0.4",
        "@jaisocx/css-table": "~3.1.2"
      }
    },
    "node_modules/@jaisocx/css-clean-start-2": {
      "version": "1.0.4",
      "resolved": "https://registry.npmjs.org/@jaisocx/css-clean-start-2/-/css-clean-start-2-1.0.4.tgz",
      "integrity": "sha512-La1sWtzUqMdW0sLtXwW1KM2We6+HF/0scn9ilvl/PZ6dapTnf8Fy2H6+9R1y6Zi3N8ixLoI9HhLv9qgDHWVdCA==",
      "optional": true,
      "optionalDependencies": {
        "@jaisocx/responsive-sizes": "~1.3.1"
      }
    },
    "node_modules/@jaisocx/css-table": {
      "version": "3.1.2",
      "resolved": "https://registry.npmjs.org/@jaisocx/css-table/-/css-table-3.1.2.tgz",
      "integrity": "sha512-AzQ/ROVy8jQ9bCvnhuwKJUGEgZq3ttkG2ZnyCUjzlqi4HZQ9G8uvA//HOdH0Sj4jir1Ts+3lepaRUze9epB6vg==",
      "optional": true,
      "optionalDependencies": {
        "@jaisocx/css-clean-start-2": "~1.0.4"
      }
    },
    "node_modules/@jaisocx/responsive-sizes": {
      "version": "1.3.1",
      "resolved": "https://registry.npmjs.org/@jaisocx/responsive-sizes/-/responsive-sizes-1.3.1.tgz",
      "integrity": "sha512-BH9C+Z97MIvnwtfq+GBeRCiHlZa5dWtaUAzqx41ExZ8dtDUsA4s4lAWGuL9WgwXuz0D+CwOPvDGbATLespjqZQ==",
      "optional": true
    }
  }
}
