{
  "name": "@jaisocx/css-table-ordered",
  "version": "2.2.4",
  "lockfileVersion": 3,
  "requires": true,
  "packages": {
    "": {
      "name": "@jaisocx/css-table-ordered",
      "version": "2.2.4",
      "optionalDependencies": {
        "@jaisocx/css-clean-start-2": "~1.1.4",
        "@jaisocx/css-table": "~3.2.9"
      }
    },
    "node_modules/@jaisocx/css-clean-start-2": {
      "version": "1.1.4",
      "resolved": "https://registry.npmjs.org/@jaisocx/css-clean-start-2/-/css-clean-start-2-1.1.4.tgz",
      "integrity": "sha512-SXoyUn18QNW0lATT5hNHIcDQORcIPG3AQ3s7GpsaYGoccU8CIgO8GeIqni2Sldh3bjaxI6zpNMkQ6t8eUvfbPA==",
      "optional": true,
      "optionalDependencies": {
        "@jaisocx/responsive-sizes": "~1.3.1"
      }
    },
    "node_modules/@jaisocx/css-table": {
      "version": "3.2.9",
      "resolved": "https://registry.npmjs.org/@jaisocx/css-table/-/css-table-3.2.9.tgz",
      "integrity": "sha512-uevkWiV3Jo7knG2gV9w4zMopYDFv2TC6IAUEp/gmAVX+3iUvqCVOYZOTepCk5ovm3eiP3jF/r7o4Zf0tmel8fA==",
      "optional": true,
      "optionalDependencies": {
        "@jaisocx/css-clean-start-2": "~1.1.4"
      }
    },
    "node_modules/@jaisocx/responsive-sizes": {
      "version": "1.3.1",
      "resolved": "https://registry.npmjs.org/@jaisocx/responsive-sizes/-/responsive-sizes-1.3.1.tgz",
      "integrity": "sha512-BH9C+Z97MIvnwtfq+GBeRCiHlZa5dWtaUAzqx41ExZ8dtDUsA4s4lAWGuL9WgwXuz0D+CwOPvDGbATLespjqZQ==",
      "optional": true
    }
  }
}
