{
  "name": "@jaisocx/sites-tools-on-cdn",
  "version": "1.0.0",
  "lockfileVersion": 3,
  "requires": true,
  "packages": {
    "": {
      "name": "@jaisocx/sites-tools-on-cdn",
      "version": "1.0.0",
      "dependencies": {
        "@jaisocx/api": "^1.2.1",
        "@jaisocx/cdn-datasets-base": "^1.2.1",
        "@jaisocx/charcode-converter": "^1.4.1",
        "@jaisocx/css-clean-start": "^1.3.22",
        "@jaisocx/css-code-snippet": "^1.2.6",
        "@jaisocx/css-html": "^1.2.1",
        "@jaisocx/css-importer": "^1.2.8",
        "@jaisocx/css-table": "^1.3.2",
        "@jaisocx/email-html-inliner": "^1.3.4",
        "@jaisocx/event-emitter": "^1.4.1",
        "@jaisocx/example-built-with-webpack": "^1.0.3",
        "@jaisocx/example-css-clean-start": "^1.3.2",
        "@jaisocx/file-writer": "^1.2.2",
        "@jaisocx/jpath": "^1.2.2",
        "@jaisocx/objdata": "^2.1.1",
        "@jaisocx/template-renderer": "^1.5.7",
        "@jaisocx/text": "^1.2.1",
        "@jaisocx/tokens-parser": "^1.2.1",
        "@jaisocx/tooltip": "^1.2.4",
        "@jaisocx/tree": "^1.5.36"
      }
    },
    "node_modules/@jaisocx/api": {
      "version": "1.2.3",
      "resolved": "https://registry.npmjs.org/@jaisocx/api/-/api-1.2.3.tgz",
      "integrity": "sha512-Okz5Uq4MpomqprYvx5TKZUzmFytRwXudohjPl1TJrRKsTYTvjX9LvGVgo767mrAwZrh6QXgjCp5jXiUt7SIi2w==",
      "license": "nope",
      "optionalDependencies": {
        "@jaisocx/objdata": "2.1.3"
      }
    },
    "node_modules/@jaisocx/cdn-datasets-base": {
      "version": "1.2.2",
      "resolved": "https://registry.npmjs.org/@jaisocx/cdn-datasets-base/-/cdn-datasets-base-1.2.2.tgz",
      "integrity": "sha512-wxtdHPqeyLwnLejeV1pUI7/8T3f/dcZs59HUSHmFiN+i+mvFMvjlUHc5tCLZEPWGT13gQg8EWPe0KTJth1uUTQ==",
      "optionalDependencies": {
        "@jaisocx/jpath": "^1.2.3"
      }
    },
    "node_modules/@jaisocx/charcode-converter": {
      "version": "1.4.2",
      "resolved": "https://registry.npmjs.org/@jaisocx/charcode-converter/-/charcode-converter-1.4.2.tgz",
      "integrity": "sha512-sKwJER+3Kj2ho+cFfPSoaG+D+ZbYikPG1kNXvQuU5fFdqe0gHoyBp881s8UYucWDc8ZaGbhrS/ONYgw5UzRrdw==",
      "optionalDependencies": {
        "@jaisocx/cdn-datasets-base": "^1.2.2",
        "@jaisocx/event-emitter": "^1.4.2"
      }
    },
    "node_modules/@jaisocx/css-clean-start": {
      "version": "1.3.22",
      "resolved": "https://registry.npmjs.org/@jaisocx/css-clean-start/-/css-clean-start-1.3.22.tgz",
      "integrity": "sha512-WiC3X/yWBCNEY+F2VP7lkQG9DDdxB5yucmv2wRaDxs8vG+oEbaZVplnydMfV7hNTqv+BLq8j/JP5t11pAxk2jw==",
      "license": "ISC"
    },
    "node_modules/@jaisocx/css-code-snippet": {
      "version": "1.2.6",
      "resolved": "https://registry.npmjs.org/@jaisocx/css-code-snippet/-/css-code-snippet-1.2.6.tgz",
      "integrity": "sha512-OhZa1Pduyr9P1sFNI/WS+935KA6MbI79aN3SzGddq86nmGVdlVXpT6AkDImPwcG/kMUzRBfuhOYZuHiG4ZRHCg==",
      "license": "ISC"
    },
    "node_modules/@jaisocx/css-html": {
      "version": "1.3.5",
      "resolved": "https://registry.npmjs.org/@jaisocx/css-html/-/css-html-1.3.5.tgz",
      "integrity": "sha512-tEau8vBiBlwGW88oh79rRTWRRB3A+d5UgTn/81nLxFVxZ8DdJ82+4Tn+6gH7X4YrEP+VfBdvXkboB+sSGFPDGQ=="
    },
    "node_modules/@jaisocx/css-importer": {
      "version": "1.3.3",
      "resolved": "https://registry.npmjs.org/@jaisocx/css-importer/-/css-importer-1.3.3.tgz",
      "integrity": "sha512-q7y8WyjViBu1yr6PPpgGMz8HMhKkVQKhZIzXIyU1eKmznDTrd8Hnw7nYDNK+XwwIPehwQ+9aeDCBWtOpobLvig==",
      "optionalDependencies": {
        "@jaisocx/file-writer": "^1.2.4",
        "@jaisocx/tokens-parser": "^1.2.2"
      }
    },
    "node_modules/@jaisocx/css-table": {
      "version": "1.3.3",
      "resolved": "https://registry.npmjs.org/@jaisocx/css-table/-/css-table-1.3.3.tgz",
      "integrity": "sha512-sUvTXCgGFOmuSHHbtjLBICDiBiwQhalmF/opdfs+n1XxSY/0ua4xEaDdf3TfCvWk7tpAESD4CcGTyLj7AiQRyg==",
      "license": "ISC"
    },
    "node_modules/@jaisocx/email-html-inliner": {
      "version": "1.3.7",
      "resolved": "https://registry.npmjs.org/@jaisocx/email-html-inliner/-/email-html-inliner-1.3.7.tgz",
      "integrity": "sha512-UI/nA9KOZlst3N7SCCsgDSMfibQqB1SlCgykF8J3KmiPiN1eWmd3m+SLwqsA5ceeFtg6kmM5BoNTZCVu/B71Gg==",
      "optionalDependencies": {
        "@jaisocx/css-html": "^1.3.5",
        "@jaisocx/text": "^1.2.2"
      }
    },
    "node_modules/@jaisocx/event-emitter": {
      "version": "1.4.2",
      "resolved": "https://registry.npmjs.org/@jaisocx/event-emitter/-/event-emitter-1.4.2.tgz",
      "integrity": "sha512-Oz4E/T7yTm2UDpR1FAHPZxpeh/r6194dxQNbCP9y6yIIvrX+Vk9M7SSfHGz2qbDe7pjfebSIx0wqihYQD2rdqQ==",
      "license": "ISC"
    },
    "node_modules/@jaisocx/example-built-with-webpack": {
      "version": "1.0.3",
      "resolved": "https://registry.npmjs.org/@jaisocx/example-built-with-webpack/-/example-built-with-webpack-1.0.3.tgz",
      "integrity": "sha512-3x/KbCm1x1agEnFIFr9dn1wJNhMOiJH2bID5ml7Ih9ZqhbQpJWmBSW6m4jfjaig48ssprRljhqaZ/Yb2T+Ww3Q==",
      "dependencies": {
        "@jaisocx/css-clean-start": "^1.3.22",
        "@jaisocx/tooltip": "^1.2.4"
      }
    },
    "node_modules/@jaisocx/example-css-clean-start": {
      "version": "1.3.2",
      "resolved": "https://registry.npmjs.org/@jaisocx/example-css-clean-start/-/example-css-clean-start-1.3.2.tgz",
      "integrity": "sha512-CZJfV8ixHqRsu7jjTBsMpezMS87EIGQPzEfB3n6gfDa0C+fhtVZuvwqZ4YQq4dqH1aL+FWHcpJRh24kaPgsY/w==",
      "license": "ISC",
      "optionalDependencies": {
        "@jaisocx/css-clean-start": "^1.3.x"
      }
    },
    "node_modules/@jaisocx/file-writer": {
      "version": "1.2.4",
      "resolved": "https://registry.npmjs.org/@jaisocx/file-writer/-/file-writer-1.2.4.tgz",
      "integrity": "sha512-tyJUZ/w0hGKQ5oFrgcocDyNLnSl5dpJtCgqDYSHviiGHuNO7mlJSj3d3XRJC+9Q+4i8TCs93s5l9uLYVhFanXw==",
      "optionalDependencies": {
        "@jaisocx/event-emitter": "^1.4.2"
      }
    },
    "node_modules/@jaisocx/jpath": {
      "version": "1.2.3",
      "resolved": "https://registry.npmjs.org/@jaisocx/jpath/-/jpath-1.2.3.tgz",
      "integrity": "sha512-QTfxWBvXpp+TTqsvyOAXHkhwQriyYZLGc1zSUNnr68TEc0qVAGWH+78dgA0hnjOG+SUY95ZLnK7nJCUWBdcqNg=="
    },
    "node_modules/@jaisocx/objdata": {
      "version": "2.1.3",
      "resolved": "https://registry.npmjs.org/@jaisocx/objdata/-/objdata-2.1.3.tgz",
      "integrity": "sha512-ZJSA1hWCQ0YphYp1IkJapcCx5KxqCPiLUcdRsD7O+6xM9twvEn0TfbK0lmBRPhmSNj0yL19TTQTGF3NpYAYVeg==",
      "license": "nope"
    },
    "node_modules/@jaisocx/template-renderer": {
      "version": "1.5.8",
      "resolved": "https://registry.npmjs.org/@jaisocx/template-renderer/-/template-renderer-1.5.8.tgz",
      "integrity": "sha512-Y6koKPtA/dUvkugIJwTis1kkDqPK+O4bpwFHUlBUghLgRtHwzmWGykQbXPW0AwuFhaVKF5//4fVdfGY+TrN2QQ==",
      "optionalDependencies": {
        "@jaisocx/event-emitter": "^1.4.2",
        "@jaisocx/tokens-parser": "^1.2.2"
      }
    },
    "node_modules/@jaisocx/text": {
      "version": "1.2.2",
      "resolved": "https://registry.npmjs.org/@jaisocx/text/-/text-1.2.2.tgz",
      "integrity": "sha512-IdIS4aXPbRyWgzKImUgqew2FIqyZEuUBsbSzgzBDPf+Zj1UqbELNI781JtCFVEfPBwLZMaFkjThzOw53Hzny0w=="
    },
    "node_modules/@jaisocx/tokens-parser": {
      "version": "1.2.2",
      "resolved": "https://registry.npmjs.org/@jaisocx/tokens-parser/-/tokens-parser-1.2.2.tgz",
      "integrity": "sha512-uBgE4HqDdvTv910j0zzr8cW/HMumpqhrtQsa1S0ZO7+2NjS6rtUCTsDcIajrxWnKZiDD1dBCmsNsuHjGRiTE8Q=="
    },
    "node_modules/@jaisocx/tooltip": {
      "version": "1.2.5",
      "resolved": "https://registry.npmjs.org/@jaisocx/tooltip/-/tooltip-1.2.5.tgz",
      "integrity": "sha512-+ixMJJoFAnzY5DcHVXlyFlNFpS11zwrtkIbQmvVfUChmcJXJiOME4nfhLVTtHYdgx6vQBlrS+HgUWqUywXcQPw==",
      "license": "ISC",
      "optionalDependencies": {
        "@jaisocx/event-emitter": "^1.4.2",
        "@jaisocx/template-renderer": "^1.5.8"
      }
    },
    "node_modules/@jaisocx/tree": {
      "version": "1.5.37",
      "resolved": "https://registry.npmjs.org/@jaisocx/tree/-/tree-1.5.37.tgz",
      "integrity": "sha512-JizJB+gS+n0MiT6ScbxY18B2YLhZOt1AM24lpxRfgJyck7yyfWnbZimoP2QyceaH3uVmM/2lpt2vEgwVMDQgVw==",
      "license": "ISC",
      "optionalDependencies": {
        "@jaisocx/event-emitter": "^1.4.2",
        "@jaisocx/template-renderer": "^1.5.8"
      }
    }
  }
}
