{
  "name": "cdn",
  "version": "1.0.0",
  "lockfileVersion": 3,
  "requires": true,
  "packages": {
    "": {
      "name": "cdn",
      "version": "1.0.0",
      "license": "ISC",
      "dependencies": {
        "@jaisocx/api": "^1.2.1",
        "@jaisocx/cdn-datasets-base": "^1.2.1",
        "@jaisocx/charcode-converter": "^1.4.1",
        "@jaisocx/css-clean-start": "^1.3.22",
        "@jaisocx/css-code-snippet": "^1.2.6",
        "@jaisocx/css-html": "^1.2.1",
        "@jaisocx/css-importer": "^1.2.8",
        "@jaisocx/css-table": "^1.3.2",
        "@jaisocx/email-html-inliner": "^1.3.4",
        "@jaisocx/event-emitter": "^1.4.1",
        "@jaisocx/example-built-with-webpack": "^1.0.3",
        "@jaisocx/example-css-clean-start": "^1.3.2",
        "@jaisocx/file-writer": "^1.2.2",
        "@jaisocx/jpath": "^1.2.1",
        "@jaisocx/objdata": "^2.1.1",
        "@jaisocx/template-renderer": "^1.5.7",
        "@jaisocx/text": "^1.2.1",
        "@jaisocx/tokens-parser": "^1.2.1",
        "@jaisocx/tooltip": "^1.2.4",
        "@jaisocx/tree": "^1.5.36"
      }
    },
    "node_modules/@jaisocx/api": {
      "version": "1.2.1",
      "resolved": "https://registry.npmjs.org/@jaisocx/api/-/api-1.2.1.tgz",
      "integrity": "sha512-x2Ot6s0xmtVjdOJRaDKYH+E/WMCRa8LToqr0kbc4rgsojv4y2MA72StD7aeUGSaWgQfmvTFbcXBuVpx/nuoUoQ==",
      "license": "nope",
      "optionalDependencies": {
        "@jaisocx/objdata": "2.1.1"
      }
    },
    "node_modules/@jaisocx/cdn-datasets-base": {
      "version": "1.2.1",
      "resolved": "https://registry.npmjs.org/@jaisocx/cdn-datasets-base/-/cdn-datasets-base-1.2.1.tgz",
      "integrity": "sha512-n/t+bipdmivYmxvfkNBMqhHWPkQCsBfhAmokZnWYWTcDZYdodqid7h2q+yX+i/yFj45afB0IqQ6UiG7GsRoIUw==",
      "optionalDependencies": {
        "@jaisocx/jpath": "^1.2.1"
      }
    },
    "node_modules/@jaisocx/charcode-converter": {
      "version": "1.4.1",
      "resolved": "https://registry.npmjs.org/@jaisocx/charcode-converter/-/charcode-converter-1.4.1.tgz",
      "integrity": "sha512-ncl06s0cHj2pTNEusI0zeBfrZugw0p+2WKR/H3T0tGmXU+Ah9wbIx5eZ6d2B4yuTpTbezMsT4Vjo8e2Jj87L+Q==",
      "optionalDependencies": {
        "@jaisocx/cdn-datasets-base": "^1.2.1",
        "@jaisocx/event-emitter": "^1.4.x"
      }
    },
    "node_modules/@jaisocx/css-clean-start": {
      "version": "1.3.22",
      "resolved": "https://registry.npmjs.org/@jaisocx/css-clean-start/-/css-clean-start-1.3.22.tgz",
      "integrity": "sha512-WiC3X/yWBCNEY+F2VP7lkQG9DDdxB5yucmv2wRaDxs8vG+oEbaZVplnydMfV7hNTqv+BLq8j/JP5t11pAxk2jw==",
      "license": "ISC"
    },
    "node_modules/@jaisocx/css-code-snippet": {
      "version": "1.2.6",
      "resolved": "https://registry.npmjs.org/@jaisocx/css-code-snippet/-/css-code-snippet-1.2.6.tgz",
      "integrity": "sha512-OhZa1Pduyr9P1sFNI/WS+935KA6MbI79aN3SzGddq86nmGVdlVXpT6AkDImPwcG/kMUzRBfuhOYZuHiG4ZRHCg==",
      "license": "ISC"
    },
    "node_modules/@jaisocx/css-html": {
      "version": "1.2.1",
      "resolved": "https://registry.npmjs.org/@jaisocx/css-html/-/css-html-1.2.1.tgz",
      "integrity": "sha512-d1a7g7k6A7qu17GieGqbotMrXhl61yXdGB3c3KkhN9FNNXQzCRnAXW7WK8Gykf6++spYjl6FBypWqadhS6/kKw=="
    },
    "node_modules/@jaisocx/css-importer": {
      "version": "1.2.8",
      "resolved": "https://registry.npmjs.org/@jaisocx/css-importer/-/css-importer-1.2.8.tgz",
      "integrity": "sha512-Igq59NNMV9TjSLMFTnXH4kBrErAhGkn7E8m+xwRwZXLj09P2wO5axSV9waMdszTB+cpZMYkj4adMyACPDgyEOw==",
      "license": "nope"
    },
    "node_modules/@jaisocx/css-table": {
      "version": "1.3.2",
      "resolved": "https://registry.npmjs.org/@jaisocx/css-table/-/css-table-1.3.2.tgz",
      "integrity": "sha512-fuYjA1okOWqjIeuzkmyL9Q05Zz8rvqoFCGVG0XDsr4+V2bZ52wvxpLRC+fd5ZbU9Gm6K9YhxCkmsxpJCNJSFyA==",
      "license": "ISC"
    },
    "node_modules/@jaisocx/email-html-inliner": {
      "version": "1.3.4",
      "resolved": "https://registry.npmjs.org/@jaisocx/email-html-inliner/-/email-html-inliner-1.3.4.tgz",
      "integrity": "sha512-G0aqMMvI3Cx7HnwYyI5/NPTVkL9ZlYtTguy2ko9B5Mt0FhAnIy8mabIkz4Qfst1ekpHn94+NNJUOeO9a0rAMrQ==",
      "optionalDependencies": {
        "@jaisocx/css-html": "^1.2.1",
        "@jaisocx/text": "^1.2.1"
      }
    },
    "node_modules/@jaisocx/event-emitter": {
      "version": "1.4.1",
      "resolved": "https://registry.npmjs.org/@jaisocx/event-emitter/-/event-emitter-1.4.1.tgz",
      "integrity": "sha512-f/dPIKyMag346rNl54pUp0rIRnBeH+P8yT+Q2DHiBjSjT6t57YpjzCfiQWx19EqMLBgppBMakEpjEKTY/wQ7qg==",
      "license": "ISC"
    },
    "node_modules/@jaisocx/example-built-with-webpack": {
      "version": "1.0.3",
      "resolved": "https://registry.npmjs.org/@jaisocx/example-built-with-webpack/-/example-built-with-webpack-1.0.3.tgz",
      "integrity": "sha512-3x/KbCm1x1agEnFIFr9dn1wJNhMOiJH2bID5ml7Ih9ZqhbQpJWmBSW6m4jfjaig48ssprRljhqaZ/Yb2T+Ww3Q==",
      "dependencies": {
        "@jaisocx/css-clean-start": "^1.3.22",
        "@jaisocx/tooltip": "^1.2.4"
      }
    },
    "node_modules/@jaisocx/example-css-clean-start": {
      "version": "1.3.2",
      "resolved": "https://registry.npmjs.org/@jaisocx/example-css-clean-start/-/example-css-clean-start-1.3.2.tgz",
      "integrity": "sha512-CZJfV8ixHqRsu7jjTBsMpezMS87EIGQPzEfB3n6gfDa0C+fhtVZuvwqZ4YQq4dqH1aL+FWHcpJRh24kaPgsY/w==",
      "license": "ISC",
      "optionalDependencies": {
        "@jaisocx/css-clean-start": "^1.3.x"
      }
    },
    "node_modules/@jaisocx/file-writer": {
      "version": "1.2.2",
      "resolved": "https://registry.npmjs.org/@jaisocx/file-writer/-/file-writer-1.2.2.tgz",
      "integrity": "sha512-mp1utD/kFUOmaH3dayrCl0zrDIg5S9Z00PdD5eZj/gsbU+O+UkRiRzbXcXF7wZemVXP+2omMx7q0HkqSuie+DA==",
      "optionalDependencies": {
        "@jaisocx/event-emitter": "^1.4.1"
      }
    },
    "node_modules/@jaisocx/jpath": {
      "version": "1.2.1",
      "resolved": "https://registry.npmjs.org/@jaisocx/jpath/-/jpath-1.2.1.tgz",
      "integrity": "sha512-jy/PMUZTzwUUgFzPrjKiHhl0YmN/WOa+6WBkmIy5MsojVOJ+vptFoeiSJ9Rc/Rtun6ZeoNUoBYZ7uCWQaCk8Yg=="
    },
    "node_modules/@jaisocx/objdata": {
      "version": "2.1.1",
      "resolved": "https://registry.npmjs.org/@jaisocx/objdata/-/objdata-2.1.1.tgz",
      "integrity": "sha512-jOAsCSjFPPzu4AWuueoznfbvKkH0VNQDOoQ9Rdd0UZAMccRQjHttsfYdIsYJQbTZ+6OnKqHWNUCwaJwRKIsx4Q==",
      "license": "nope"
    },
    "node_modules/@jaisocx/template-renderer": {
      "version": "1.5.7",
      "resolved": "https://registry.npmjs.org/@jaisocx/template-renderer/-/template-renderer-1.5.7.tgz",
      "integrity": "sha512-0Nk61k1nrwDBM5QhG4vs1YpF0OKLea0sj6Hwc3qCXVYHE/bWnxWKqfiwnQNoJhBPIQBsWumG06WYtspPMCMUwQ==",
      "optionalDependencies": {
        "@jaisocx/event-emitter": "^1.4.1",
        "@jaisocx/tokens-parser": "^1.2.1"
      }
    },
    "node_modules/@jaisocx/text": {
      "version": "1.2.1",
      "resolved": "https://registry.npmjs.org/@jaisocx/text/-/text-1.2.1.tgz",
      "integrity": "sha512-/7bwg6ea9Kqyk8T1vU49+yrVoGmKGFh0ndW0FJtPbzEaHN+VVx+rngMtrD+xv7nJGPbJ3YvWmMrBzJ+NZoI3aw=="
    },
    "node_modules/@jaisocx/tokens-parser": {
      "version": "1.2.1",
      "resolved": "https://registry.npmjs.org/@jaisocx/tokens-parser/-/tokens-parser-1.2.1.tgz",
      "integrity": "sha512-9JkbGNMYeMqUgfXsyhUcg5ddEIv/6xMLHACTKSBKkxEp45IAZ+LMMynXjZiRkZywo9iA0eNr2qfayRgW+MqBug=="
    },
    "node_modules/@jaisocx/tooltip": {
      "version": "1.2.4",
      "resolved": "https://registry.npmjs.org/@jaisocx/tooltip/-/tooltip-1.2.4.tgz",
      "integrity": "sha512-mOOVQ3y5eYeFXS+EMBj76MVq5JMTn9kWQoIlbKQYLaBYQzyjcXLwhoKKOyYJyGkvU0PPgGOKfCGlPn6HHuMWEg==",
      "license": "ISC",
      "optionalDependencies": {
        "@jaisocx/event-emitter": "^1.4.x",
        "@jaisocx/template-renderer": "^1.4.x"
      }
    },
    "node_modules/@jaisocx/tree": {
      "version": "1.5.36",
      "resolved": "https://registry.npmjs.org/@jaisocx/tree/-/tree-1.5.36.tgz",
      "integrity": "sha512-zExT49QernE29Hps1PNBCyrRWZ3DEmwGwr8uLFy+ayFD0iv7vKTYV2OwhfWQLxXBZ62Qi+Lf+VTISabonAHf4w==",
      "license": "ISC",
      "optionalDependencies": {
        "@jaisocx/event-emitter": "^1.4.x",
        "@jaisocx/template-renderer": "^1.4.x"
      }
    }
  }
}
