{
  "name": "SitesTools",
  "lockfileVersion": 3,
  "requires": true,
  "packages": {
    "": {
      "dependencies": {
        "@jaisocx/css-clean-start": "^1.3.x",
        "@jaisocx/css-code-snippet": "^1.2.4",
        "@jaisocx/tooltip": "^1.2.3",
        "@jaisocx/tree": "^1.5.36"
      }
    },
    "node_modules/@jaisocx/css-clean-start": {
      "version": "1.3.6",
      "resolved": "https://registry.npmjs.org/@jaisocx/css-clean-start/-/css-clean-start-1.3.6.tgz",
      "integrity": "sha512-zrFxf3mBz4M+0R118V+DF7t5O9PttHcoRI+TF9xEGJWgYwyQI9PsxXnjbmlTH+BGIoGMc+557Fl9Vu4EL8HVHg==",
      "license": "ISC"
    },
    "node_modules/@jaisocx/css-code-snippet": {
      "version": "1.2.4",
      "resolved": "https://registry.npmjs.org/@jaisocx/css-code-snippet/-/css-code-snippet-1.2.4.tgz",
      "integrity": "sha512-YJ97/5nkGqTvVWa9V+UMYXsC82yc2roVEvgrnkn7yu7F0f1Hkr7LYEWRMBjiZOaF/HVzXsau+wWCgc2a3gapgQ==",
      "license": "ISC"
    },
    "node_modules/@jaisocx/event-emitter": {
      "version": "1.4.1",
      "resolved": "https://registry.npmjs.org/@jaisocx/event-emitter/-/event-emitter-1.4.1.tgz",
      "integrity": "sha512-f/dPIKyMag346rNl54pUp0rIRnBeH+P8yT+Q2DHiBjSjT6t57YpjzCfiQWx19EqMLBgppBMakEpjEKTY/wQ7qg==",
      "license": "ISC",
      "optional": true
    },
    "node_modules/@jaisocx/template-renderer": {
      "version": "1.4.1",
      "resolved": "https://registry.npmjs.org/@jaisocx/template-renderer/-/template-renderer-1.4.1.tgz",
      "integrity": "sha512-9WTUV1dOrGcxJ13LXd1ioaZJ4kyZOKWr/OGNgqLoHhAbEbN+WadIwabY/KAb7GGj9FPjgkOx7m2+7FSIPKkrvQ==",
      "license": "ISC",
      "optional": true,
      "optionalDependencies": {
        "@jaisocx/event-emitter": "^1.4.x"
      }
    },
    "node_modules/@jaisocx/tooltip": {
      "version": "1.2.3",
      "resolved": "https://registry.npmjs.org/@jaisocx/tooltip/-/tooltip-1.2.3.tgz",
      "integrity": "sha512-Z7c/SvnnVx72oHaZHcOhza4JPNiNA14b5eryL12Ectq8o1TtwLebRubSMTjJVYBvR0x18ZiShIDjveEOfIJTDQ==",
      "license": "ISC",
      "optionalDependencies": {
        "@jaisocx/event-emitter": "^1.4.x",
        "@jaisocx/template-renderer": "^1.4.x"
      }
    },
    "node_modules/@jaisocx/tree": {
      "version": "1.5.36",
      "resolved": "https://registry.npmjs.org/@jaisocx/tree/-/tree-1.5.36.tgz",
      "integrity": "sha512-zExT49QernE29Hps1PNBCyrRWZ3DEmwGwr8uLFy+ayFD0iv7vKTYV2OwhfWQLxXBZ62Qi+Lf+VTISabonAHf4w==",
      "license": "ISC",
      "optionalDependencies": {
        "@jaisocx/event-emitter": "^1.4.x",
        "@jaisocx/template-renderer": "^1.4.x"
      }
    }
  }
}
