{
  "name": "@jaisocx/tree",
  "version": "2.2.18",
  "lockfileVersion": 3,
  "requires": true,
  "packages": {
    "": {
      "name": "@jaisocx/tree",
      "version": "2.2.18",
      "optionalDependencies": {
        "@jaisocx/css-clean-start-2": "~1.1.10",
        "@jaisocx/event-emitter": "~1.4.2",
        "@jaisocx/jpath": "~1.2.3",
        "@jaisocx/mime-type": "~1.0.7",
        "@jaisocx/preloader": "~2.3.2",
        "@jaisocx/template-renderer": "~1.6.1",
        "@jaisocx/text": "~2.2.2",
        "@jaisocx/theme-turn-on": "~1.0.2",
        "@jaisocx/tokens-parser": "~1.2.2"
      }
    },
    "node_modules/@jaisocx/css-clean-start-2": {
      "version": "1.1.10",
      "resolved": "https://registry.npmjs.org/@jaisocx/css-clean-start-2/-/css-clean-start-2-1.1.10.tgz",
      "integrity": "sha512-pf2RFdGVgZV9TfMlCEkOX4xy/lSmtjjUlwRYVlUgKcKXV+ASOLyfWePkPzsZ/IXY+RW/ro+4o3Yfla34XWMI+w==",
      "optional": true,
      "optionalDependencies": {
        "@jaisocx/responsive-sizes": "~1.3.1"
      }
    },
    "node_modules/@jaisocx/event-emitter": {
      "version": "1.4.2",
      "resolved": "https://registry.npmjs.org/@jaisocx/event-emitter/-/event-emitter-1.4.2.tgz",
      "integrity": "sha512-Oz4E/T7yTm2UDpR1FAHPZxpeh/r6194dxQNbCP9y6yIIvrX+Vk9M7SSfHGz2qbDe7pjfebSIx0wqihYQD2rdqQ==",
      "license": "ISC",
      "optional": true
    },
    "node_modules/@jaisocx/jpath": {
      "version": "1.2.3",
      "resolved": "https://registry.npmjs.org/@jaisocx/jpath/-/jpath-1.2.3.tgz",
      "integrity": "sha512-QTfxWBvXpp+TTqsvyOAXHkhwQriyYZLGc1zSUNnr68TEc0qVAGWH+78dgA0hnjOG+SUY95ZLnK7nJCUWBdcqNg==",
      "optional": true
    },
    "node_modules/@jaisocx/mime-type": {
      "version": "1.0.7",
      "resolved": "https://registry.npmjs.org/@jaisocx/mime-type/-/mime-type-1.0.7.tgz",
      "integrity": "sha512-ENbWyygeGduecldRLoe21e8iMtdqU1iqGe2lnTItu5n68zTlLkA7ofTR8rwmP/mhTsm5hrdAM7Lbv24jmkMO6A==",
      "optional": true
    },
    "node_modules/@jaisocx/preloader": {
      "version": "2.3.2",
      "resolved": "https://registry.npmjs.org/@jaisocx/preloader/-/preloader-2.3.2.tgz",
      "integrity": "sha512-bIOhm4cIz0S5dTejNH7kBnNqRllw+HAcrlzo0Btme3AIftKUzVRcUVfoVz8urnWNSKj6C7FhrJx0tEdhPsQx6w==",
      "optional": true,
      "optionalDependencies": {
        "@jaisocx/mime-type": "~1.0.7",
        "@jaisocx/template-renderer": "~1.6.1",
        "@jaisocx/text": "~2.2.2"
      }
    },
    "node_modules/@jaisocx/responsive-sizes": {
      "version": "1.3.1",
      "resolved": "https://registry.npmjs.org/@jaisocx/responsive-sizes/-/responsive-sizes-1.3.1.tgz",
      "integrity": "sha512-BH9C+Z97MIvnwtfq+GBeRCiHlZa5dWtaUAzqx41ExZ8dtDUsA4s4lAWGuL9WgwXuz0D+CwOPvDGbATLespjqZQ==",
      "optional": true
    },
    "node_modules/@jaisocx/template-renderer": {
      "version": "1.6.1",
      "resolved": "https://registry.npmjs.org/@jaisocx/template-renderer/-/template-renderer-1.6.1.tgz",
      "integrity": "sha512-GPPqAzDL260zRE61zagJknHQFeDIwKGEXgSZYVHB70uQHtzJVCVLpft6KEc/tAFCUH7JxkJ/96iwSGVstppPAg==",
      "optional": true,
      "optionalDependencies": {
        "@jaisocx/event-emitter": "^1.4.2",
        "@jaisocx/tokens-parser": "^1.2.2"
      }
    },
    "node_modules/@jaisocx/text": {
      "version": "2.2.2",
      "resolved": "https://registry.npmjs.org/@jaisocx/text/-/text-2.2.2.tgz",
      "integrity": "sha512-Xqf7OuieBRli3JVmCf1lPEOpt60dnpBStMxnv7ea9NCOjOlA+/Kfyq8yReMQT0Eof7oZcZLo8+EPcN04l00XbA==",
      "optional": true
    },
    "node_modules/@jaisocx/theme-turn-on": {
      "version": "1.0.2",
      "resolved": "https://registry.npmjs.org/@jaisocx/theme-turn-on/-/theme-turn-on-1.0.2.tgz",
      "integrity": "sha512-g2/k96zl1Ukj2RpdgEp7RuRHFhWIg2EBZMU5hiRk7q9sXJoqt2ZsTjsaL3z4HR0ivrN3qn/YHjXP2JPrS9LTzQ==",
      "optional": true,
      "optionalDependencies": {
        "@jaisocx/css-clean-start-2": "~1.1.10",
        "@jaisocx/preloader": "~2.3.2"
      }
    },
    "node_modules/@jaisocx/tokens-parser": {
      "version": "1.2.2",
      "resolved": "https://registry.npmjs.org/@jaisocx/tokens-parser/-/tokens-parser-1.2.2.tgz",
      "integrity": "sha512-uBgE4HqDdvTv910j0zzr8cW/HMumpqhrtQsa1S0ZO7+2NjS6rtUCTsDcIajrxWnKZiDD1dBCmsNsuHjGRiTE8Q==",
      "optional": true
    }
  }
}
