{
  "name": "@jaisocx/tree",
  "version": "2.2.3",
  "lockfileVersion": 3,
  "requires": true,
  "packages": {
    "": {
      "name": "@jaisocx/tree",
      "version": "2.2.3",
      "optionalDependencies": {
        "@jaisocx/css-clean-start-2": "~1.1.5",
        "@jaisocx/event-emitter": "~1.4.2",
        "@jaisocx/preloader": "~2.1.0",
        "@jaisocx/template-renderer": "~1.5.8",
        "@jaisocx/theme-turn-on": "~1.0.1",
        "@jaisocx/tokens-parser": "~1.2.2"
      }
    },
    "../../../packages/Preloader": {
      "name": "@jaisocx/preloader",
      "version": "2.1.0",
      "optional": true,
      "optionalDependencies": {
        "@jaisocx/template-renderer": "~1.6.1"
      }
    },
    "node_modules/@jaisocx/css-clean-start-2": {
      "version": "1.1.5",
      "resolved": "https://registry.npmjs.org/@jaisocx/css-clean-start-2/-/css-clean-start-2-1.1.5.tgz",
      "integrity": "sha512-OKRqUDUurJL44/cwdNDLo6/7AZPplh3CLiTWJocxRNdISJt43AUF8KYNiRCP4tOegvrSJj5ge+pCbG8HJolRMw==",
      "optional": true,
      "optionalDependencies": {
        "@jaisocx/responsive-sizes": "~1.3.1"
      }
    },
    "node_modules/@jaisocx/event-emitter": {
      "version": "1.4.2",
      "resolved": "https://registry.npmjs.org/@jaisocx/event-emitter/-/event-emitter-1.4.2.tgz",
      "integrity": "sha512-Oz4E/T7yTm2UDpR1FAHPZxpeh/r6194dxQNbCP9y6yIIvrX+Vk9M7SSfHGz2qbDe7pjfebSIx0wqihYQD2rdqQ==",
      "license": "ISC",
      "optional": true
    },
    "node_modules/@jaisocx/preloader": {
      "resolved": "../../../packages/Preloader",
      "link": true
    },
    "node_modules/@jaisocx/responsive-sizes": {
      "version": "1.3.1",
      "resolved": "https://registry.npmjs.org/@jaisocx/responsive-sizes/-/responsive-sizes-1.3.1.tgz",
      "integrity": "sha512-BH9C+Z97MIvnwtfq+GBeRCiHlZa5dWtaUAzqx41ExZ8dtDUsA4s4lAWGuL9WgwXuz0D+CwOPvDGbATLespjqZQ==",
      "optional": true
    },
    "node_modules/@jaisocx/template-renderer": {
      "version": "1.5.8",
      "resolved": "https://registry.npmjs.org/@jaisocx/template-renderer/-/template-renderer-1.5.8.tgz",
      "integrity": "sha512-Y6koKPtA/dUvkugIJwTis1kkDqPK+O4bpwFHUlBUghLgRtHwzmWGykQbXPW0AwuFhaVKF5//4fVdfGY+TrN2QQ==",
      "optional": true,
      "optionalDependencies": {
        "@jaisocx/event-emitter": "^1.4.2",
        "@jaisocx/tokens-parser": "^1.2.2"
      }
    },
    "node_modules/@jaisocx/theme-turn-on": {
      "version": "1.0.1",
      "resolved": "https://registry.npmjs.org/@jaisocx/theme-turn-on/-/theme-turn-on-1.0.1.tgz",
      "integrity": "sha512-y3ig208hgAD98LDk6rzWf6822Yj74WzvYRPV0ktkpU7zkMJLBta9Y3h2DltBYIoCpVkMgxvURlGU2c4nzXUu2w==",
      "optional": true,
      "optionalDependencies": {
        "@jaisocx/css-clean-start-2": "~1.1.5",
        "@jaisocx/preloader": "~1.0.2"
      }
    },
    "node_modules/@jaisocx/theme-turn-on/node_modules/@jaisocx/preloader": {
      "version": "1.0.2",
      "resolved": "https://registry.npmjs.org/@jaisocx/preloader/-/preloader-1.0.2.tgz",
      "integrity": "sha512-bYtcmpWpD4JDaBkjM7XoTbmKu6zEotePcM8zdGFz/BcKV4CVJmOwP6GIJ4PrSX2rmI/OxifWd4owQAF8j3dtJg==",
      "optional": true
    },
    "node_modules/@jaisocx/tokens-parser": {
      "version": "1.2.2",
      "resolved": "https://registry.npmjs.org/@jaisocx/tokens-parser/-/tokens-parser-1.2.2.tgz",
      "integrity": "sha512-uBgE4HqDdvTv910j0zzr8cW/HMumpqhrtQsa1S0ZO7+2NjS6rtUCTsDcIajrxWnKZiDD1dBCmsNsuHjGRiTE8Q==",
      "optional": true
    }
  }
}
