{
  "name": "@jaisocx/charcode-converter",
  "version": "1.4.1",
  "lockfileVersion": 3,
  "requires": true,
  "packages": {
    "": {
      "name": "@jaisocx/charcode-converter",
      "version": "1.4.1",
      "optionalDependencies": {
        "@jaisocx/cdn-datasets-base": "^1.2.1",
        "@jaisocx/event-emitter": "^1.4.x"
      }
    },
    "node_modules/@jaisocx/cdn-datasets-base": {
      "version": "1.2.1",
      "resolved": "https://registry.npmjs.org/@jaisocx/cdn-datasets-base/-/cdn-datasets-base-1.2.1.tgz",
      "integrity": "sha512-n/t+bipdmivYmxvfkNBMqhHWPkQCsBfhAmokZnWYWTcDZYdodqid7h2q+yX+i/yFj45afB0IqQ6UiG7GsRoIUw==",
      "optional": true,
      "optionalDependencies": {
        "@jaisocx/jpath": "^1.2.1"
      }
    },
    "node_modules/@jaisocx/event-emitter": {
      "version": "1.4.1",
      "resolved": "https://registry.npmjs.org/@jaisocx/event-emitter/-/event-emitter-1.4.1.tgz",
      "integrity": "sha512-f/dPIKyMag346rNl54pUp0rIRnBeH+P8yT+Q2DHiBjSjT6t57YpjzCfiQWx19EqMLBgppBMakEpjEKTY/wQ7qg==",
      "optional": true
    },
    "node_modules/@jaisocx/jpath": {
      "version": "1.2.2",
      "resolved": "https://registry.npmjs.org/@jaisocx/jpath/-/jpath-1.2.2.tgz",
      "integrity": "sha512-ihVP39OaMa3g+xgMQnGQc94ywEE+jm34jmhyjKtXwYwi9U4tWQh7szslwdw9c//gRPcaUB9K6zgCyXqves/VyA==",
      "optional": true
    }
  }
}
